
Microsoft Visual Studio Solution File, Format Version 12.00
# Visual Studio Version 17
VisualStudioVersion = 17.7.34031.279
MinimumVisualStudioVersion = 10.0.40219.1
Project("{FAE04EC0-301F-11D3-BF4B-00C04F79EFBC}") = "QuizAppSummative", "QuizAppSummative\QuizAppSummative.csproj", "{52EA9D76-2CFE-4CE2-8C5A-6DB23A203982}"
EndProject
Global
	GlobalSection(SolutionConfigurationPlatforms) = preSolution
		Debug|Any CPU = Debug|Any CPU
		Release|Any CPU = Release|Any CPU
	EndGlobalSection
	GlobalSection(ProjectConfigurationPlatforms) = postSolution
		{52EA9D76-2CFE-4CE2-8C5A-6DB23A203982}.Debug|Any CPU.ActiveCfg = Debug|Any CPU
		{52EA9D76-2CFE-4CE2-8C5A-6DB23A203982}.Debug|Any CPU.Build.0 = Debug|Any CPU
		{52EA9D76-2CFE-4CE2-8C5A-6DB23A203982}.Release|Any CPU.ActiveCfg = Release|Any CPU
		{52EA9D76-2CFE-4CE2-8C5A-6DB23A203982}.Release|Any CPU.Build.0 = Release|Any CPU
	EndGlobalSection
	GlobalSection(SolutionProperties) = preSolution
		HideSolutionNode = FALSE
	EndGlobalSection
	GlobalSection(ExtensibilityGlobals) = postSolution
		SolutionGuid = {5D028E30-9C72-4C9C-8755-C01290407ED8}
	EndGlobalSection
EndGlobal
